
Microsoft Visual Studio Solution File, Format Version 12.00
# Visual Studio Version 16
VisualStudioVersion = 16.0.33214.272
MinimumVisualStudioVersion = 10.0.40219.1
Project("{8BC9CEB8-8B4A-11D0-8D11-00A0C91BC942}") = "23-4-13-Test", "23-4-13-Test\23-4-13-Test.vcxproj", "{7973EB35-E8BC-475B-AE5A-622C774665E2}"
EndProject
Global
	GlobalSection(SolutionConfigurationPlatforms) = preSolution
		Debug|x64 = Debug|x64
		Debug|x86 = Debug|x86
		Release|x64 = Release|x64
		Release|x86 = Release|x86
	EndGlobalSection
	GlobalSection(ProjectConfigurationPlatforms) = postSolution
		{7973EB35-E8BC-475B-AE5A-622C774665E2}.Debug|x64.ActiveCfg = Debug|x64
		{7973EB35-E8BC-475B-AE5A-622C774665E2}.Debug|x64.Build.0 = Debug|x64
		{7973EB35-E8BC-475B-AE5A-622C774665E2}.Debug|x86.ActiveCfg = Debug|Win32
		{7973EB35-E8BC-475B-AE5A-622C774665E2}.Debug|x86.Build.0 = Debug|Win32
		{7973EB35-E8BC-475B-AE5A-622C774665E2}.Release|x64.ActiveCfg = Release|x64
		{7973EB35-E8BC-475B-AE5A-622C774665E2}.Release|x64.Build.0 = Release|x64
		{7973EB35-E8BC-475B-AE5A-622C774665E2}.Release|x86.ActiveCfg = Release|Win32
		{7973EB35-E8BC-475B-AE5A-622C774665E2}.Release|x86.Build.0 = Release|Win32
	EndGlobalSection
	GlobalSection(SolutionProperties) = preSolution
		HideSolutionNode = FALSE
	EndGlobalSection
	GlobalSection(ExtensibilityGlobals) = postSolution
		SolutionGuid = {E61D66B5-88A8-419D-969D-A62948BBE902}
	EndGlobalSection
EndGlobal
