
Microsoft Visual Studio Solution File, Format Version 12.00
# Visual Studio Version 16
VisualStudioVersion = 16.0.33214.272
MinimumVisualStudioVersion = 10.0.40219.1
Project("{8BC9CEB8-8B4A-11D0-8D11-00A0C91BC942}") = "23-1-14-Test", "23-1-14-Test\23-1-14-Test.vcxproj", "{A348DBCC-EF74-4A5D-A9CD-44D2D66DE21D}"
EndProject
Global
	GlobalSection(SolutionConfigurationPlatforms) = preSolution
		Debug|x64 = Debug|x64
		Debug|x86 = Debug|x86
		Release|x64 = Release|x64
		Release|x86 = Release|x86
	EndGlobalSection
	GlobalSection(ProjectConfigurationPlatforms) = postSolution
		{A348DBCC-EF74-4A5D-A9CD-44D2D66DE21D}.Debug|x64.ActiveCfg = Debug|x64
		{A348DBCC-EF74-4A5D-A9CD-44D2D66DE21D}.Debug|x64.Build.0 = Debug|x64
		{A348DBCC-EF74-4A5D-A9CD-44D2D66DE21D}.Debug|x86.ActiveCfg = Debug|Win32
		{A348DBCC-EF74-4A5D-A9CD-44D2D66DE21D}.Debug|x86.Build.0 = Debug|Win32
		{A348DBCC-EF74-4A5D-A9CD-44D2D66DE21D}.Release|x64.ActiveCfg = Release|x64
		{A348DBCC-EF74-4A5D-A9CD-44D2D66DE21D}.Release|x64.Build.0 = Release|x64
		{A348DBCC-EF74-4A5D-A9CD-44D2D66DE21D}.Release|x86.ActiveCfg = Release|Win32
		{A348DBCC-EF74-4A5D-A9CD-44D2D66DE21D}.Release|x86.Build.0 = Release|Win32
	EndGlobalSection
	GlobalSection(SolutionProperties) = preSolution
		HideSolutionNode = FALSE
	EndGlobalSection
	GlobalSection(ExtensibilityGlobals) = postSolution
		SolutionGuid = {10755388-3EF6-473C-900B-4979DCCA9A39}
	EndGlobalSection
EndGlobal
