
Microsoft Visual Studio Solution File, Format Version 12.00
# Visual Studio Version 16
VisualStudioVersion = 16.0.33214.272
MinimumVisualStudioVersion = 10.0.40219.1
Project("{8BC9CEB8-8B4A-11D0-8D11-00A0C91BC942}") = "23-4-15-Test2", "23-4-15-Test2\23-4-15-Test2.vcxproj", "{C1DB6D3E-534F-4DDD-85EE-72C18B17B44B}"
EndProject
Global
	GlobalSection(SolutionConfigurationPlatforms) = preSolution
		Debug|x64 = Debug|x64
		Debug|x86 = Debug|x86
		Release|x64 = Release|x64
		Release|x86 = Release|x86
	EndGlobalSection
	GlobalSection(ProjectConfigurationPlatforms) = postSolution
		{C1DB6D3E-534F-4DDD-85EE-72C18B17B44B}.Debug|x64.ActiveCfg = Debug|x64
		{C1DB6D3E-534F-4DDD-85EE-72C18B17B44B}.Debug|x64.Build.0 = Debug|x64
		{C1DB6D3E-534F-4DDD-85EE-72C18B17B44B}.Debug|x86.ActiveCfg = Debug|Win32
		{C1DB6D3E-534F-4DDD-85EE-72C18B17B44B}.Debug|x86.Build.0 = Debug|Win32
		{C1DB6D3E-534F-4DDD-85EE-72C18B17B44B}.Release|x64.ActiveCfg = Release|x64
		{C1DB6D3E-534F-4DDD-85EE-72C18B17B44B}.Release|x64.Build.0 = Release|x64
		{C1DB6D3E-534F-4DDD-85EE-72C18B17B44B}.Release|x86.ActiveCfg = Release|Win32
		{C1DB6D3E-534F-4DDD-85EE-72C18B17B44B}.Release|x86.Build.0 = Release|Win32
	EndGlobalSection
	GlobalSection(SolutionProperties) = preSolution
		HideSolutionNode = FALSE
	EndGlobalSection
	GlobalSection(ExtensibilityGlobals) = postSolution
		SolutionGuid = {5D4D19C2-D958-4D25-9676-A84779AA87F5}
	EndGlobalSection
EndGlobal
